
Microsoft Visual Studio Solution File, Format Version 12.00
# Visual Studio Version 16
VisualStudioVersion = 16.0.31702.278
MinimumVisualStudioVersion = 10.0.40219.1
Project("{FAE04EC0-301F-11D3-BF4B-00C04F79EFBC}") = "DatesAndTimes", "DatesAndTimes\DatesAndTimes.csproj", "{55953C9C-8CAF-4685-B2DE-91EFF0D128E6}"
EndProject
Project("{FAE04EC0-301F-11D3-BF4B-00C04F79EFBC}") = "TajmSpan", "TajmSpan\TajmSpan.csproj", "{901D9E97-A912-44F9-8C37-401060FF37E1}"
EndProject
Global
	GlobalSection(SolutionConfigurationPlatforms) = preSolution
		Debug|Any CPU = Debug|Any CPU
		Release|Any CPU = Release|Any CPU
	EndGlobalSection
	GlobalSection(ProjectConfigurationPlatforms) = postSolution
		{55953C9C-8CAF-4685-B2DE-91EFF0D128E6}.Debug|Any CPU.ActiveCfg = Debug|Any CPU
		{55953C9C-8CAF-4685-B2DE-91EFF0D128E6}.Debug|Any CPU.Build.0 = Debug|Any CPU
		{55953C9C-8CAF-4685-B2DE-91EFF0D128E6}.Release|Any CPU.ActiveCfg = Release|Any CPU
		{55953C9C-8CAF-4685-B2DE-91EFF0D128E6}.Release|Any CPU.Build.0 = Release|Any CPU
		{901D9E97-A912-44F9-8C37-401060FF37E1}.Debug|Any CPU.ActiveCfg = Debug|Any CPU
		{901D9E97-A912-44F9-8C37-401060FF37E1}.Debug|Any CPU.Build.0 = Debug|Any CPU
		{901D9E97-A912-44F9-8C37-401060FF37E1}.Release|Any CPU.ActiveCfg = Release|Any CPU
		{901D9E97-A912-44F9-8C37-401060FF37E1}.Release|Any CPU.Build.0 = Release|Any CPU
	EndGlobalSection
	GlobalSection(SolutionProperties) = preSolution
		HideSolutionNode = FALSE
	EndGlobalSection
	GlobalSection(ExtensibilityGlobals) = postSolution
		SolutionGuid = {C85B548B-60ED-4100-B2D1-09C000B3C85A}
	EndGlobalSection
EndGlobal
