
Microsoft Visual Studio Solution File, Format Version 12.00
# Visual Studio Version 16
VisualStudioVersion = 16.0.31702.278
MinimumVisualStudioVersion = 10.0.40219.1
Project("{FAE04EC0-301F-11D3-BF4B-00C04F79EFBC}") = "HelloWorld", "HelloWorld\HelloWorld.csproj", "{1BB8EF79-FBF0-4FF7-BA80-D9D484FECC39}"
EndProject
Project("{FAE04EC0-301F-11D3-BF4B-00C04F79EFBC}") = "VariableProgram", "VariableProgram\VariableProgram.csproj", "{B668FB08-821E-4194-9100-316E7CC429AF}"
EndProject
Global
	GlobalSection(SolutionConfigurationPlatforms) = preSolution
		Debug|Any CPU = Debug|Any CPU
		Release|Any CPU = Release|Any CPU
	EndGlobalSection
	GlobalSection(ProjectConfigurationPlatforms) = postSolution
		{1BB8EF79-FBF0-4FF7-BA80-D9D484FECC39}.Debug|Any CPU.ActiveCfg = Debug|Any CPU
		{1BB8EF79-FBF0-4FF7-BA80-D9D484FECC39}.Debug|Any CPU.Build.0 = Debug|Any CPU
		{1BB8EF79-FBF0-4FF7-BA80-D9D484FECC39}.Release|Any CPU.ActiveCfg = Release|Any CPU
		{1BB8EF79-FBF0-4FF7-BA80-D9D484FECC39}.Release|Any CPU.Build.0 = Release|Any CPU
		{B668FB08-821E-4194-9100-316E7CC429AF}.Debug|Any CPU.ActiveCfg = Debug|Any CPU
		{B668FB08-821E-4194-9100-316E7CC429AF}.Debug|Any CPU.Build.0 = Debug|Any CPU
		{B668FB08-821E-4194-9100-316E7CC429AF}.Release|Any CPU.ActiveCfg = Release|Any CPU
		{B668FB08-821E-4194-9100-316E7CC429AF}.Release|Any CPU.Build.0 = Release|Any CPU
	EndGlobalSection
	GlobalSection(SolutionProperties) = preSolution
		HideSolutionNode = FALSE
	EndGlobalSection
	GlobalSection(ExtensibilityGlobals) = postSolution
		SolutionGuid = {297578B1-9A66-4FE6-92DA-D49E10C6C230}
	EndGlobalSection
EndGlobal
