
Microsoft Visual Studio Solution File, Format Version 12.00
# Visual Studio Version 16
VisualStudioVersion = 16.0.31702.278
MinimumVisualStudioVersion = 10.0.40219.1
Project("{FAE04EC0-301F-11D3-BF4B-00C04F79EFBC}") = "ForLoop", "ForLoop\ForLoop.csproj", "{B82CC046-1A38-41F3-A807-4D15E87DE33B}"
EndProject
Global
	GlobalSection(SolutionConfigurationPlatforms) = preSolution
		Debug|Any CPU = Debug|Any CPU
		Release|Any CPU = Release|Any CPU
	EndGlobalSection
	GlobalSection(ProjectConfigurationPlatforms) = postSolution
		{B82CC046-1A38-41F3-A807-4D15E87DE33B}.Debug|Any CPU.ActiveCfg = Debug|Any CPU
		{B82CC046-1A38-41F3-A807-4D15E87DE33B}.Debug|Any CPU.Build.0 = Debug|Any CPU
		{B82CC046-1A38-41F3-A807-4D15E87DE33B}.Release|Any CPU.ActiveCfg = Release|Any CPU
		{B82CC046-1A38-41F3-A807-4D15E87DE33B}.Release|Any CPU.Build.0 = Release|Any CPU
	EndGlobalSection
	GlobalSection(SolutionProperties) = preSolution
		HideSolutionNode = FALSE
	EndGlobalSection
	GlobalSection(ExtensibilityGlobals) = postSolution
		SolutionGuid = {7DA70C70-EF1A-4A59-8BEC-AF9D80BD2C01}
	EndGlobalSection
EndGlobal
