
Microsoft Visual Studio Solution File, Format Version 12.00
# Visual Studio Version 16
VisualStudioVersion = 16.0.31702.278
MinimumVisualStudioVersion = 10.0.40219.1
Project("{FAE04EC0-301F-11D3-BF4B-00C04F79EFBC}") = "AccureLabelManagerPrintLogCleanUp", "AccureLabelManagerPrintLogCleanUp\AccureLabelManagerPrintLogCleanUp.csproj", "{012EA791-A5DB-42DC-A152-D4D4EE39176D}"
EndProject
Global
	GlobalSection(SolutionConfigurationPlatforms) = preSolution
		Debug|Any CPU = Debug|Any CPU
		Release|Any CPU = Release|Any CPU
	EndGlobalSection
	GlobalSection(ProjectConfigurationPlatforms) = postSolution
		{012EA791-A5DB-42DC-A152-D4D4EE39176D}.Debug|Any CPU.ActiveCfg = Debug|Any CPU
		{012EA791-A5DB-42DC-A152-D4D4EE39176D}.Debug|Any CPU.Build.0 = Debug|Any CPU
		{012EA791-A5DB-42DC-A152-D4D4EE39176D}.Release|Any CPU.ActiveCfg = Release|Any CPU
		{012EA791-A5DB-42DC-A152-D4D4EE39176D}.Release|Any CPU.Build.0 = Release|Any CPU
	EndGlobalSection
	GlobalSection(SolutionProperties) = preSolution
		HideSolutionNode = FALSE
	EndGlobalSection
	GlobalSection(ExtensibilityGlobals) = postSolution
		SolutionGuid = {91642E96-1671-4621-9A46-431E6A433D52}
	EndGlobalSection
EndGlobal
