
Microsoft Visual Studio Solution File, Format Version 12.00
# Visual Studio Version 16
VisualStudioVersion = 16.0.31702.278
MinimumVisualStudioVersion = 10.0.40219.1
Project("{FAE04EC0-301F-11D3-BF4B-00C04F79EFBC}") = "my3rdApplication", "my3rdApplication\my3rdApplication.csproj", "{4D261450-87A4-465D-AE6F-B2FC57BAD5D5}"
EndProject
Global
	GlobalSection(SolutionConfigurationPlatforms) = preSolution
		Debug|Any CPU = Debug|Any CPU
		Release|Any CPU = Release|Any CPU
	EndGlobalSection
	GlobalSection(ProjectConfigurationPlatforms) = postSolution
		{4D261450-87A4-465D-AE6F-B2FC57BAD5D5}.Debug|Any CPU.ActiveCfg = Debug|Any CPU
		{4D261450-87A4-465D-AE6F-B2FC57BAD5D5}.Debug|Any CPU.Build.0 = Debug|Any CPU
		{4D261450-87A4-465D-AE6F-B2FC57BAD5D5}.Release|Any CPU.ActiveCfg = Release|Any CPU
		{4D261450-87A4-465D-AE6F-B2FC57BAD5D5}.Release|Any CPU.Build.0 = Release|Any CPU
	EndGlobalSection
	GlobalSection(SolutionProperties) = preSolution
		HideSolutionNode = FALSE
	EndGlobalSection
	GlobalSection(ExtensibilityGlobals) = postSolution
		SolutionGuid = {CBAA75BB-89B1-476E-BA6D-CDFED08E0683}
	EndGlobalSection
EndGlobal
