
Microsoft Visual Studio Solution File, Format Version 12.00
# Visual Studio Version 16
VisualStudioVersion = 16.0.31702.278
MinimumVisualStudioVersion = 10.0.40219.1
Project("{FAE04EC0-301F-11D3-BF4B-00C04F79EFBC}") = "ReferenceTypesAndValueTypes", "ReferenceTypesAndValueTypes\ReferenceTypesAndValueTypes.csproj", "{984D8D9A-ED94-4761-87FB-217C1F04FEFC}"
EndProject
Project("{FAE04EC0-301F-11D3-BF4B-00C04F79EFBC}") = "ControlFlow", "ControlFlow\ControlFlow.csproj", "{087A1EDF-B658-47C5-86BF-0DE1038564C4}"
EndProject
Project("{FAE04EC0-301F-11D3-BF4B-00C04F79EFBC}") = "myFirstApplication", "myFirstApplication\myFirstApplication.csproj", "{79365DE6-3F80-45F9-9BC4-FFF0D8945C5E}"
EndProject
Global
	GlobalSection(SolutionConfigurationPlatforms) = preSolution
		Debug|Any CPU = Debug|Any CPU
		Release|Any CPU = Release|Any CPU
	EndGlobalSection
	GlobalSection(ProjectConfigurationPlatforms) = postSolution
		{984D8D9A-ED94-4761-87FB-217C1F04FEFC}.Debug|Any CPU.ActiveCfg = Debug|Any CPU
		{984D8D9A-ED94-4761-87FB-217C1F04FEFC}.Debug|Any CPU.Build.0 = Debug|Any CPU
		{984D8D9A-ED94-4761-87FB-217C1F04FEFC}.Release|Any CPU.ActiveCfg = Release|Any CPU
		{984D8D9A-ED94-4761-87FB-217C1F04FEFC}.Release|Any CPU.Build.0 = Release|Any CPU
		{087A1EDF-B658-47C5-86BF-0DE1038564C4}.Debug|Any CPU.ActiveCfg = Debug|Any CPU
		{087A1EDF-B658-47C5-86BF-0DE1038564C4}.Debug|Any CPU.Build.0 = Debug|Any CPU
		{087A1EDF-B658-47C5-86BF-0DE1038564C4}.Release|Any CPU.ActiveCfg = Release|Any CPU
		{087A1EDF-B658-47C5-86BF-0DE1038564C4}.Release|Any CPU.Build.0 = Release|Any CPU
		{79365DE6-3F80-45F9-9BC4-FFF0D8945C5E}.Debug|Any CPU.ActiveCfg = Debug|Any CPU
		{79365DE6-3F80-45F9-9BC4-FFF0D8945C5E}.Debug|Any CPU.Build.0 = Debug|Any CPU
		{79365DE6-3F80-45F9-9BC4-FFF0D8945C5E}.Release|Any CPU.ActiveCfg = Release|Any CPU
		{79365DE6-3F80-45F9-9BC4-FFF0D8945C5E}.Release|Any CPU.Build.0 = Release|Any CPU
	EndGlobalSection
	GlobalSection(SolutionProperties) = preSolution
		HideSolutionNode = FALSE
	EndGlobalSection
	GlobalSection(ExtensibilityGlobals) = postSolution
		SolutionGuid = {E61D93A1-7296-46E0-B549-22FFCE97C75C}
	EndGlobalSection
EndGlobal
